
Microsoft Visual Studio Solution File, Format Version 12.00
# Visual Studio Version 16
VisualStudioVersion = 16.0.31911.196
MinimumVisualStudioVersion = 10.0.40219.1
Project("{FAE04EC0-301F-11D3-BF4B-00C04F79EFBC}") = "Delegates", "Delegates\Delegates.csproj", "{0B3B88F4-AFB2-496F-823B-E35182EB222F}"
EndProject
Global
	GlobalSection(SolutionConfigurationPlatforms) = preSolution
		Debug|Any CPU = Debug|Any CPU
		Release|Any CPU = Release|Any CPU
	EndGlobalSection
	GlobalSection(ProjectConfigurationPlatforms) = postSolution
		{0B3B88F4-AFB2-496F-823B-E35182EB222F}.Debug|Any CPU.ActiveCfg = Debug|Any CPU
		{0B3B88F4-AFB2-496F-823B-E35182EB222F}.Debug|Any CPU.Build.0 = Debug|Any CPU
		{0B3B88F4-AFB2-496F-823B-E35182EB222F}.Release|Any CPU.ActiveCfg = Release|Any CPU
		{0B3B88F4-AFB2-496F-823B-E35182EB222F}.Release|Any CPU.Build.0 = Release|Any CPU
	EndGlobalSection
	GlobalSection(SolutionProperties) = preSolution
		HideSolutionNode = FALSE
	EndGlobalSection
	GlobalSection(ExtensibilityGlobals) = postSolution
		SolutionGuid = {6886F067-1A8F-4231-B28C-A2741A433DD7}
	EndGlobalSection
EndGlobal
